
Microsoft Visual Studio Solution File, Format Version 12.00
Project("{F2A71F9B-5D33-465A-A702-920D77279786}") = "UnityCIServer", "UnityCIServer\UnityCIServer.fsproj", "{E547B446-3F51-4B0E-8753-C4D56477F5C8}"
EndProject
Global
	GlobalSection(SolutionConfigurationPlatforms) = preSolution
		Debug|Any CPU = Debug|Any CPU
		Release|Any CPU = Release|Any CPU
	EndGlobalSection
	GlobalSection(ProjectConfigurationPlatforms) = postSolution
		{E547B446-3F51-4B0E-8753-C4D56477F5C8}.Debug|Any CPU.ActiveCfg = Debug|Any CPU
		{E547B446-3F51-4B0E-8753-C4D56477F5C8}.Debug|Any CPU.Build.0 = Debug|Any CPU
		{E547B446-3F51-4B0E-8753-C4D56477F5C8}.Release|Any CPU.ActiveCfg = Release|Any CPU
		{E547B446-3F51-4B0E-8753-C4D56477F5C8}.Release|Any CPU.Build.0 = Release|Any CPU
	EndGlobalSection
EndGlobal
